// !$*UTF8*$!
{
	archiveVersion = 1;
	classes = {
	};
	objectVersion = 50;
	objects = {

/* Begin PBXBuildFile section */
		3C5580C52496167800222ACE /* AppDelegate.swift in Sources */ = {isa = PBXBuildFile; fileRef = 3C5580C42496167800222ACE /* AppDelegate.swift */; };
		3C5580C72496167800222ACE /* SceneDelegate.swift in Sources */ = {isa = PBXBuildFile; fileRef = 3C5580C62496167800222ACE /* SceneDelegate.swift */; };
		3C5580C92496167800222ACE /* ViewController.swift in Sources */ = {isa = PBXBuildFile; fileRef = 3C5580C82496167800222ACE /* ViewController.swift */; };
		3C5580CC2496167800222ACE /* Main.storyboard in Resources */ = {isa = PBXBuildFile; fileRef = 3C5580CA2496167800222ACE /* Main.storyboard */; };
		3C5580CE2496167B00222ACE /* Assets.xcassets in Resources */ = {isa = PBXBuildFile; fileRef = 3C5580CD2496167B00222ACE /* Assets.xcassets */; };
		3C5580D12496167B00222ACE /* LaunchScreen.storyboard in Resources */ = {isa = PBXBuildFile; fileRef = 3C5580CF2496167B00222ACE /* LaunchScreen.storyboard */; };
		92F8EFBF3DE298C0FB3FE91B /* Pods_RXSwift.framework in Frameworks */ = {isa = PBXBuildFile; fileRef = FE74ACB78FA0405F21C1F0D4 /* Pods_RXSwift.framework */; };
/* End PBXBuildFile section */

/* Begin PBXFileReference section */
		3C5580C12496167700222ACE /* RXSwift.app */ = {isa = PBXFileReference; explicitFileType = wrapper.application; includeInIndex = 0; path = RXSwift.app; sourceTree = BUILT_PRODUCTS_DIR; };
		3C5580C42496167800222ACE /* AppDelegate.swift */ = {isa = PBXFileReference; lastKnownFileType = sourcecode.swift; path = AppDelegate.swift; sourceTree = "<group>"; };
		3C5580C62496167800222ACE /* SceneDelegate.swift */ = {isa = PBXFileReference; lastKnownFileType = sourcecode.swift; path = SceneDelegate.swift; sourceTree = "<group>"; };
		3C5580C82496167800222ACE /* ViewController.swift */ = {isa = PBXFileReference; lastKnownFileType = sourcecode.swift; path = ViewController.swift; sourceTree = "<group>"; };
		3C5580CB2496167800222ACE /* Base */ = {isa = PBXFileReference; lastKnownFileType = file.storyboard; name = Base; path = Base.lproj/Main.storyboard; sourceTree = "<group>"; };
		3C5580CD2496167B00222ACE /* Assets.xcassets */ = {isa = PBXFileReference; lastKnownFileType = folder.assetcatalog; path = Assets.xcassets; sourceTree = "<group>"; };
		3C5580D02496167B00222ACE /* Base */ = {isa = PBXFileReference; lastKnownFileType = file.storyboard; name = Base; path = Base.lproj/LaunchScreen.storyboard; sourceTree = "<group>"; };
		3C5580D22496167B00222ACE /* Info.plist */ = {isa = PBXFileReference; lastKnownFileType = text.plist.xml; path = Info.plist; sourceTree = "<group>"; };
		68D06149BEA14E726C7C5244 /* Pods-RXSwift.debug.xcconfig */ = {isa = PBXFileReference; includeInIndex = 1; lastKnownFileType = text.xcconfig; name = "Pods-RXSwift.debug.xcconfig"; path = "Target Support Files/Pods-RXSwift/Pods-RXSwift.debug.xcconfig"; sourceTree = "<group>"; };
		DA0552C4F20E1F31273B5D73 /* Pods-RXSwift.release.xcconfig */ = {isa = PBXFileReference; includeInIndex = 1; lastKnownFileType = text.xcconfig; name = "Pods-RXSwift.release.xcconfig"; path = "Target Support Files/Pods-RXSwift/Pods-RXSwift.release.xcconfig"; sourceTree = "<group>"; };
		FE74ACB78FA0405F21C1F0D4 /* Pods_RXSwift.framework */ = {isa = PBXFileReference; explicitFileType = wrapper.framework; includeInIndex = 0; path = Pods_RXSwift.framework; sourceTree = BUILT_PRODUCTS_DIR; };
/* End PBXFileReference section */

/* Begin PBXFrameworksBuildPhase section */
		3C5580BE2496167700222ACE /* Frameworks */ = {
			isa = PBXFrameworksBuildPhase;
			buildActionMask = 2147483647;
			files = (
				92F8EFBF3DE298C0FB3FE91B /* Pods_RXSwift.framework in Frameworks */,
			);
			runOnlyForDeploymentPostprocessing = 0;
		};
/* End PBXFrameworksBuildPhase section */

/* Begin PBXGroup section */
		3C5580B82496167700222ACE = {
			isa = PBXGroup;
			children = (
				3C5580C32496167700222ACE /* RXSwift */,
				3C5580C22496167700222ACE /* Products */,
				5CA2C0603384486859C899EC /* Pods */,
				53C0A1B6151C61658AD7A13B /* Frameworks */,
			);
			sourceTree = "<group>";
		};
		3C5580C22496167700222ACE /* Products */ = {
			isa = PBXGroup;
			children = (
				3C5580C12496167700222ACE /* RXSwift.app */,
			);
			name = Products;
			sourceTree = "<group>";
		};
		3C5580C32496167700222ACE /* RXSwift */ = {
			isa = PBXGroup;
			children = (
				3C5580C42496167800222ACE /* AppDelegate.swift */,
				3C5580C62496167800222ACE /* SceneDelegate.swift */,
				3C5580C82496167800222ACE /* ViewController.swift */,
				3C5580CA2496167800222ACE /* Main.storyboard */,
				3C5580CD2496167B00222ACE /* Assets.xcassets */,
				3C5580CF2496167B00222ACE /* LaunchScreen.storyboard */,
				3C5580D22496167B00222ACE /* Info.plist */,
			);
			path = RXSwift;
			sourceTree = "<group>";
		};
		53C0A1B6151C61658AD7A13B /* Frameworks */ = {
			isa = PBXGroup;
			children = (
				FE74ACB78FA0405F21C1F0D4 /* Pods_RXSwift.framework */,
			);
			name = Frameworks;
			sourceTree = "<group>";
		};
		5CA2C0603384486859C899EC /* Pods */ = {
			isa = PBXGroup;
			children = (
				68D06149BEA14E726C7C5244 /* Pods-RXSwift.debug.xcconfig */,
				DA0552C4F20E1F31273B5D73 /* Pods-RXSwift.release.xcconfig */,
			);
			name = Pods;
			path = Pods;
			sourceTree = "<group>";
		};
/* End PBXGroup section */

/* Begin PBXNativeTarget section */
		3C5580C02496167700222ACE /* RXSwift */ = {
			isa = PBXNativeTarget;
			buildConfigurationList = 3C5580D52496167B00222ACE /* Build configuration list for PBXNativeTarget "RXSwift" */;
			buildPhases = (
				FB548CC75169C80A6BAD3030 /* [CP] Check Pods Manifest.lock */,
				3C5580BD2496167700222ACE /* Sources */,
				3C5580BE2496167700222ACE /* Frameworks */,
				3C5580BF2496167700222ACE /* Resources */,
				ABD2969C93F8578506A09CF5 /* [CP] Embed Pods Frameworks */,
			);
			buildRules = (
			);
			dependencies = (
			);
			name = RXSwift;
			productName = RXSwift;
			productReference = 3C5580C12496167700222ACE /* RXSwift.app */;
			productType = "com.apple.product-type.application";
		};
/* End PBXNativeTarget section */

/* Begin PBXProject section */
		3C5580B92496167700222ACE /* Project object */ = {
			isa = PBXProject;
			attributes = {
				LastSwiftUpdateCheck = 1130;
				LastUpgradeCheck = 1130;
				ORGANIZATIONNAME = "김지나";
				TargetAttributes = {
					3C5580C02496167700222ACE = {
						CreatedOnToolsVersion = 11.3.1;
					};
				};
			};
			buildConfigurationList = 3C5580BC2496167700222ACE /* Build configuration list for PBXProject "RXSwift" */;
			compatibilityVersion = "Xcode 9.3";
			developmentRegion = en;
			hasScannedForEncodings = 0;
			knownRegions = (
				en,
				Base,
			);
			mainGroup = 3C5580B82496167700222ACE;
			productRefGroup = 3C5580C22496167700222ACE /* Products */;
			projectDirPath = "";
			projectRoot = "";
			targets = (
				3C5580C02496167700222ACE /* RXSwift */,
			);
		};
/* End PBXProject section */

/* Begin PBXResourcesBuildPhase section */
		3C5580BF2496167700222ACE /* Resources */ = {
			isa = PBXResourcesBuildPhase;
			buildActionMask = 2147483647;
			files = (
				3C5580D12496167B00222ACE /* LaunchScreen.storyboard in Resources */,
				3C5580CE2496167B00222ACE /* Assets.xcassets in Resources */,
				3C5580CC2496167800222ACE /* Main.storyboard in Resources */,
			);
			runOnlyForDeploymentPostprocessing = 0;
		};
/* End PBXResourcesBuildPhase section */

/* Begin PBXShellScriptBuildPhase section */
		ABD2969C93F8578506A09CF5 /* [CP] Embed Pods Frameworks */ = {
			isa = PBXShellScriptBuildPhase;
			buildActionMask = 2147483647;
			files = (
			);
			inputFileListPaths = (
				"${PODS_ROOT}/Target Support Files/Pods-RXSwift/Pods-RXSwift-frameworks-${CONFIGURATION}-input-files.xcfilelist",
			);
			name = "[CP] Embed Pods Frameworks";
			outputFileListPaths = (
				"${PODS_ROOT}/Target Support Files/Pods-RXSwift/Pods-RXSwift-frameworks-${CONFIGURATION}-output-files.xcfilelist",
			);
			runOnlyForDeploymentPostprocessing = 0;
			shellPath = /bin/sh;
			shellScript = "\"${PODS_ROOT}/Target Support Files/Pods-RXSwift/Pods-RXSwift-frameworks.sh\"\n";
			showEnvVarsInLog = 0;
		};
		FB548CC75169C80A6BAD3030 /* [CP] Check Pods Manifest.lock */ = {
			isa = PBXShellScriptBuildPhase;
			buildActionMask = 2147483647;
			files = (
			);
			inputFileListPaths = (
			);
			inputPaths = (
				"${PODS_PODFILE_DIR_PATH}/Podfile.lock",
				"${PODS_ROOT}/Manifest.lock",
			);
			name = "[CP] Check Pods Manifest.lock";
			outputFileListPaths = (
			);
			outputPaths = (
				"$(DERIVED_FILE_DIR)/Pods-RXSwift-checkManifestLockResult.txt",
			);
			runOnlyForDeploymentPostprocessing = 0;
			shellPath = /bin/sh;
			shellScript = "diff \"${PODS_PODFILE_DIR_PATH}/Podfile.lock\" \"${PODS_ROOT}/Manifest.lock\" > /dev/null\nif [ $? != 0 ] ; then\n    # print error to STDERR\n    echo \"error: The sandbox is not in sync with the Podfile.lock. Run 'pod install' or update your CocoaPods installation.\" >&2\n    exit 1\nfi\n# This output is used by Xcode 'outputs' to avoid re-running this script phase.\necho \"SUCCESS\" > \"${SCRIPT_OUTPUT_FILE_0}\"\n";
			showEnvVarsInLog = 0;
		};
/* End PBXShellScriptBuildPhase section */

/* Begin PBXSourcesBuildPhase section */
		3C5580BD2496167700222ACE /* Sources */ = {
			isa = PBXSourcesBuildPhase;
			buildActionMask = 2147483647;
			files = (
				3C5580C92496167800222ACE /* ViewController.swift in Sources */,
				3C5580C52496167800222ACE /* AppDelegate.swift in Sources */,
				3C5580C72496167800222ACE /* SceneDelegate.swift in Sources */,
			);
			runOnlyForDeploymentPostprocessing = 0;
		};
/* End PBXSourcesBuildPhase section */

/* Begin PBXVariantGroup section */
		3C5580CA2496167800222ACE /* Main.storyboard */ = {
			isa = PBXVariantGroup;
			children = (
				3C5580CB2496167800222ACE /* Base */,
			);
			name = Main.storyboard;
			sourceTree = "<group>";
		};
		3C5580CF2496167B00222ACE /* LaunchScreen.storyboard */ = {
			isa = PBXVariantGroup;
			children = (
				3C5580D02496167B00222ACE /* Base */,
			);
			name = LaunchScreen.storyboard;
			sourceTree = "<group>";
		};
/* End PBXVariantGroup section */

/* Begin XCBuildConfiguration section */
		3C5580D32496167B00222ACE /* Debug */ = {
			isa = XCBuildConfiguration;
			buildSettings = {
				ALWAYS_SEARCH_USER_PATHS = NO;
				CLANG_ANALYZER_NONNULL = YES;
				CLANG_ANALYZER_NUMBER_OBJECT_CONVERSION = YES_AGGRESSIVE;
				CLANG_CXX_LANGUAGE_STANDARD = "gnu++14";
				CLANG_CXX_LIBRARY = "libc++";
				CLANG_ENABLE_MODULES = YES;
				CLANG_ENABLE_OBJC_ARC = YES;
				CLANG_ENABLE_OBJC_WEAK = YES;
				CLANG_WARN_BLOCK_CAPTURE_AUTORELEASING = YES;
				CLANG_WARN_BOOL_CONVERSION = YES;
				CLANG_WARN_COMMA = YES;
				CLANG_WARN_CONSTANT_CONVERSION = YES;
				CLANG_WARN_DEPRECATED_OBJC_IMPLEMENTATIONS = YES;
				CLANG_WARN_DIRECT_OBJC_ISA_USAGE = YES_ERROR;
				CLANG_WARN_DOCUMENTATION_COMMENTS = YES;
				CLANG_WARN_EMPTY_BODY = YES;
				CLANG_WARN_ENUM_CONVERSION = YES;
				CLANG_WARN_INFINITE_RECURSION = YES;
				CLANG_WARN_INT_CONVERSION = YES;
				CLANG_WARN_NON_LITERAL_NULL_CONVERSION = YES;
				CLANG_WARN_OBJC_IMPLICIT_RETAIN_SELF = YES;
				CLANG_WARN_OBJC_LITERAL_CONVERSION = YES;
				CLANG_WARN_OBJC_ROOT_CLASS = YES_ERROR;
				CLANG_WARN_RANGE_LOOP_ANALYSIS = YES;
				CLANG_WARN_STRICT_PROTOTYPES = YES;
				CLANG_WARN_SUSPICIOUS_MOVE = YES;
				CLANG_WARN_UNGUARDED_AVAILABILITY = YES_AGGRESSIVE;
				CLANG_WARN_UNREACHABLE_CODE = YES;
				CLANG_WARN__DUPLICATE_METHOD_MATCH = YES;
				COPY_PHASE_STRIP = NO;
				DEBUG_INFORMATION_FORMAT = dwarf;
				ENABLE_STRICT_OBJC_MSGSEND = YES;
				ENABLE_TESTABILITY = YES;
				GCC_C_LANGUAGE_STANDARD = gnu11;
				GCC_DYNAMIC_NO_PIC = NO;
				GCC_NO_COMMON_BLOCKS = YES;
				GCC_OPTIMIZATION_LEVEL = 0;
				GCC_PREPROCESSOR_DEFINITIONS = (
					"DEBUG=1",
					"$(inherited)",
				);
				GCC_WARN_64_TO_32_BIT_CONVERSION = YES;
				GCC_WARN_ABOUT_RETURN_TYPE = YES_ERROR;
				GCC_WARN_UNDECLARED_SELECTOR = YES;
				GCC_WARN_UNINITIALIZED_AUTOS = YES_AGGRESSIVE;
				GCC_WARN_UNUSED_FUNCTION = YES;
				GCC_WARN_UNUSED_VARIABLE = YES;
				IPHONEOS_DEPLOYMENT_TARGET = 13.2;
				MTL_ENABLE_DEBUG_INFO = INCLUDE_SOURCE;
				MTL_FAST_MATH = YES;
				ONLY_ACTIVE_ARCH = YES;
				SDKROOT = iphoneos;
				SWIFT_ACTIVE_COMPILATION_CONDITIONS = DEBUG;
				SWIFT_OPTIMIZATION_LEVEL = "-Onone";
			};
			name = Debug;
		};
		3C5580D42496167B00222ACE /* Release */ = {
			isa = XCBuildConfiguration;
			buildSettings = {
				ALWAYS_SEARCH_USER_PATHS = NO;
				CLANG_ANALYZER_NONNULL = YES;
				CLANG_ANALYZER_NUMBER_OBJECT_CONVERSION = YES_AGGRESSIVE;
				CLANG_CXX_LANGUAGE_STANDARD = "gnu++14";
				CLANG_CXX_LIBRARY = "libc++";
				CLANG_ENABLE_MODULES = YES;
				CLANG_ENABLE_OBJC_ARC = YES;
				CLANG_ENABLE_OBJC_WEAK = YES;
				CLANG_WARN_BLOCK_CAPTURE_AUTORELEASING = YES;
				CLANG_WARN_BOOL_CONVERSION = YES;
				CLANG_WARN_COMMA = YES;
				CLANG_WARN_CONSTANT_CONVERSION = YES;
				CLANG_WARN_DEPRECATED_OBJC_IMPLEMENTATIONS = YES;
				CLANG_WARN_DIRECT_OBJC_ISA_USAGE = YES_ERROR;
				CLANG_WARN_DOCUMENTATION_COMMENTS = YES;
				CLANG_WARN_EMPTY_BODY = YES;
				CLANG_WARN_ENUM_CONVERSION = YES;
				CLANG_WARN_INFINITE_RECURSION = YES;
				CLANG_WARN_INT_CONVERSION = YES;
				CLANG_WARN_NON_LITERAL_NULL_CONVERSION = YES;
				CLANG_WARN_OBJC_IMPLICIT_RETAIN_SELF = YES;
				CLANG_WARN_OBJC_LITERAL_CONVERSION = YES;
				CLANG_WARN_OBJC_ROOT_CLASS = YES_ERROR;
				CLANG_WARN_RANGE_LOOP_ANALYSIS = YES;
				CLANG_WARN_STRICT_PROTOTYPES = YES;
				CLANG_WARN_SUSPICIOUS_MOVE = YES;
				CLANG_WARN_UNGUARDED_AVAILABILITY = YES_AGGRESSIVE;
				CLANG_WARN_UNREACHABLE_CODE = YES;
				CLANG_WARN__DUPLICATE_METHOD_MATCH = YES;
				COPY_PHASE_STRIP = NO;
				DEBUG_INFORMATION_FORMAT = "dwarf-with-dsym";
				ENABLE_NS_ASSERTIONS = NO;
				ENABLE_STRICT_OBJC_MSGSEND = YES;
				GCC_C_LANGUAGE_STANDARD = gnu11;
				GCC_NO_COMMON_BLOCKS = YES;
				GCC_WARN_64_TO_32_BIT_CONVERSION = YES;
				GCC_WARN_ABOUT_RETURN_TYPE = YES_ERROR;
				GCC_WARN_UNDECLARED_SELECTOR = YES;
				GCC_WARN_UNINITIALIZED_AUTOS = YES_AGGRESSIVE;
				GCC_WARN_UNUSED_FUNCTION = YES;
				GCC_WARN_UNUSED_VARIABLE = YES;
				IPHONEOS_DEPLOYMENT_TARGET = 13.2;
				MTL_ENABLE_DEBUG_INFO = NO;
				MTL_FAST_MATH = YES;
				SDKROOT = iphoneos;
				SWIFT_COMPILATION_MODE = wholemodule;
				SWIFT_OPTIMIZATION_LEVEL = "-O";
				VALIDATE_PRODUCT = YES;
			};
			name = Release;
		};
		3C5580D62496167B00222ACE /* Debug */ = {
			isa = XCBuildConfiguration;
			baseConfigurationReference = 68D06149BEA14E726C7C5244 /* Pods-RXSwift.debug.xcconfig */;
			buildSettings = {
				ASSETCATALOG_COMPILER_APPICON_NAME = AppIcon;
				CODE_SIGN_STYLE = Automatic;
				INFOPLIST_FILE = RXSwift/Info.plist;
				LD_RUNPATH_SEARCH_PATHS = (
					"$(inherited)",
					"@executable_path/Frameworks",
				);
				PRODUCT_BUNDLE_IDENTIFIER = JINA.RXSwift;
				PRODUCT_NAME = "$(TARGET_NAME)";
				SWIFT_VERSION = 5.0;
				TARGETED_DEVICE_FAMILY = "1,2";
			};
			name = Debug;
		};
		3C5580D72496167B00222ACE /* Release */ = {
			isa = XCBuildConfiguration;
			baseConfigurationReference = DA0552C4F20E1F31273B5D73 /* Pods-RXSwift.release.xcconfig */;
			buildSettings = {
				ASSETCATALOG_COMPILER_APPICON_NAME = AppIcon;
				CODE_SIGN_STYLE = Automatic;
				INFOPLIST_FILE = RXSwift/Info.plist;
				LD_RUNPATH_SEARCH_PATHS = (
					"$(inherited)",
					"@executable_path/Frameworks",
				);
				PRODUCT_BUNDLE_IDENTIFIER = JINA.RXSwift;
				PRODUCT_NAME = "$(TARGET_NAME)";
				SWIFT_VERSION = 5.0;
				TARGETED_DEVICE_FAMILY = "1,2";
			};
			name = Release;
		};
/* End XCBuildConfiguration section */

/* Begin XCConfigurationList section */
		3C5580BC2496167700222ACE /* Build configuration list for PBXProject "RXSwift" */ = {
			isa = XCConfigurationList;
			buildConfigurations = (
				3C5580D32496167B00222ACE /* Debug */,
				3C5580D42496167B00222ACE /* Release */,
			);
			defaultConfigurationIsVisible = 0;
			defaultConfigurationName = Release;
		};
		3C5580D52496167B00222ACE /* Build configuration list for PBXNativeTarget "RXSwift" */ = {
			isa = XCConfigurationList;
			buildConfigurations = (
				3C5580D62496167B00222ACE /* Debug */,
				3C5580D72496167B00222ACE /* Release */,
			);
			defaultConfigurationIsVisible = 0;
			defaultConfigurationName = Release;
		};
/* End XCConfigurationList section */
	};
	rootObject = 3C5580B92496167700222ACE /* Project object */;
}
