// !$*UTF8*$!
{
	archiveVersion = 1;
	classes = {
	};
	objectVersion = 55;
	objects = {

/* Begin PBXBuildFile section */
		2532B72F2A63E3C300582427 /* AppDelegate.swift in Sources */ = {isa = PBXBuildFile; fileRef = 2532B72E2A63E3C300582427 /* AppDelegate.swift */; };
		2532B7312A63E3C300582427 /* SceneDelegate.swift in Sources */ = {isa = PBXBuildFile; fileRef = 2532B7302A63E3C300582427 /* SceneDelegate.swift */; };
		2532B7332A63E3C300582427 /* ViewController.swift in Sources */ = {isa = PBXBuildFile; fileRef = 2532B7322A63E3C300582427 /* ViewController.swift */; };
		2532B7362A63E3C300582427 /* Main.storyboard in Resources */ = {isa = PBXBuildFile; fileRef = 2532B7342A63E3C300582427 /* Main.storyboard */; };
		2532B7382A63E3C500582427 /* Assets.xcassets in Resources */ = {isa = PBXBuildFile; fileRef = 2532B7372A63E3C500582427 /* Assets.xcassets */; };
		2532B73B2A63E3C500582427 /* LaunchScreen.storyboard in Resources */ = {isa = PBXBuildFile; fileRef = 2532B7392A63E3C500582427 /* LaunchScreen.storyboard */; };
		2532B7442A63E4D700582427 /* SuperStar.swift in Sources */ = {isa = PBXBuildFile; fileRef = 2532B7432A63E4D700582427 /* SuperStar.swift */; };
		2532B7472A63E53400582427 /* Util.swift in Sources */ = {isa = PBXBuildFile; fileRef = 2532B7462A63E53400582427 /* Util.swift */; };
		87029AECFB0B661E170C1143 /* Pods_RxSwiftWithMVVM.framework in Frameworks */ = {isa = PBXBuildFile; fileRef = A62DFDD5327CA9BBAFD59976 /* Pods_RxSwiftWithMVVM.framework */; };
/* End PBXBuildFile section */

/* Begin PBXFileReference section */
		2532B72B2A63E3C300582427 /* RxSwiftWithMVVM.app */ = {isa = PBXFileReference; explicitFileType = wrapper.application; includeInIndex = 0; path = RxSwiftWithMVVM.app; sourceTree = BUILT_PRODUCTS_DIR; };
		2532B72E2A63E3C300582427 /* AppDelegate.swift */ = {isa = PBXFileReference; lastKnownFileType = sourcecode.swift; path = AppDelegate.swift; sourceTree = "<group>"; };
		2532B7302A63E3C300582427 /* SceneDelegate.swift */ = {isa = PBXFileReference; lastKnownFileType = sourcecode.swift; path = SceneDelegate.swift; sourceTree = "<group>"; };
		2532B7322A63E3C300582427 /* ViewController.swift */ = {isa = PBXFileReference; lastKnownFileType = sourcecode.swift; path = ViewController.swift; sourceTree = "<group>"; };
		2532B7352A63E3C300582427 /* Base */ = {isa = PBXFileReference; lastKnownFileType = file.storyboard; name = Base; path = Base.lproj/Main.storyboard; sourceTree = "<group>"; };
		2532B7372A63E3C500582427 /* Assets.xcassets */ = {isa = PBXFileReference; lastKnownFileType = folder.assetcatalog; path = Assets.xcassets; sourceTree = "<group>"; };
		2532B73A2A63E3C500582427 /* Base */ = {isa = PBXFileReference; lastKnownFileType = file.storyboard; name = Base; path = Base.lproj/LaunchScreen.storyboard; sourceTree = "<group>"; };
		2532B73C2A63E3C500582427 /* Info.plist */ = {isa = PBXFileReference; lastKnownFileType = text.plist.xml; path = Info.plist; sourceTree = "<group>"; };
		2532B7432A63E4D700582427 /* SuperStar.swift */ = {isa = PBXFileReference; lastKnownFileType = sourcecode.swift; path = SuperStar.swift; sourceTree = "<group>"; };
		2532B7462A63E53400582427 /* Util.swift */ = {isa = PBXFileReference; lastKnownFileType = sourcecode.swift; path = Util.swift; sourceTree = "<group>"; };
		A62DFDD5327CA9BBAFD59976 /* Pods_RxSwiftWithMVVM.framework */ = {isa = PBXFileReference; explicitFileType = wrapper.framework; includeInIndex = 0; path = Pods_RxSwiftWithMVVM.framework; sourceTree = BUILT_PRODUCTS_DIR; };
		C7DC28C6752D8EAD893865B6 /* Pods-RxSwiftWithMVVM.debug.xcconfig */ = {isa = PBXFileReference; includeInIndex = 1; lastKnownFileType = text.xcconfig; name = "Pods-RxSwiftWithMVVM.debug.xcconfig"; path = "Target Support Files/Pods-RxSwiftWithMVVM/Pods-RxSwiftWithMVVM.debug.xcconfig"; sourceTree = "<group>"; };
		DA871E7ABA2731318935910B /* Pods-RxSwiftWithMVVM.release.xcconfig */ = {isa = PBXFileReference; includeInIndex = 1; lastKnownFileType = text.xcconfig; name = "Pods-RxSwiftWithMVVM.release.xcconfig"; path = "Target Support Files/Pods-RxSwiftWithMVVM/Pods-RxSwiftWithMVVM.release.xcconfig"; sourceTree = "<group>"; };
/* End PBXFileReference section */

/* Begin PBXFrameworksBuildPhase section */
		2532B7282A63E3C300582427 /* Frameworks */ = {
			isa = PBXFrameworksBuildPhase;
			buildActionMask = 2147483647;
			files = (
				87029AECFB0B661E170C1143 /* Pods_RxSwiftWithMVVM.framework in Frameworks */,
			);
			runOnlyForDeploymentPostprocessing = 0;
		};
/* End PBXFrameworksBuildPhase section */

/* Begin PBXGroup section */
		2532B7222A63E3C300582427 = {
			isa = PBXGroup;
			children = (
				2532B72D2A63E3C300582427 /* RxSwiftWithMVVM */,
				2532B72C2A63E3C300582427 /* Products */,
				A5450F53BFB3109A2D7B5DC8 /* Pods */,
				59E9FC362D97504AE3F40441 /* Frameworks */,
			);
			sourceTree = "<group>";
		};
		2532B72C2A63E3C300582427 /* Products */ = {
			isa = PBXGroup;
			children = (
				2532B72B2A63E3C300582427 /* RxSwiftWithMVVM.app */,
			);
			name = Products;
			sourceTree = "<group>";
		};
		2532B72D2A63E3C300582427 /* RxSwiftWithMVVM */ = {
			isa = PBXGroup;
			children = (
				2532B7452A63E52D00582427 /* Data */,
				2532B7422A63E4C800582427 /* Model */,
				2532B72E2A63E3C300582427 /* AppDelegate.swift */,
				2532B7302A63E3C300582427 /* SceneDelegate.swift */,
				2532B7322A63E3C300582427 /* ViewController.swift */,
				2532B7342A63E3C300582427 /* Main.storyboard */,
				2532B7372A63E3C500582427 /* Assets.xcassets */,
				2532B7392A63E3C500582427 /* LaunchScreen.storyboard */,
				2532B73C2A63E3C500582427 /* Info.plist */,
			);
			path = RxSwiftWithMVVM;
			sourceTree = "<group>";
		};
		2532B7422A63E4C800582427 /* Model */ = {
			isa = PBXGroup;
			children = (
				2532B7432A63E4D700582427 /* SuperStar.swift */,
			);
			path = Model;
			sourceTree = "<group>";
		};
		2532B7452A63E52D00582427 /* Data */ = {
			isa = PBXGroup;
			children = (
				2532B7462A63E53400582427 /* Util.swift */,
			);
			path = Data;
			sourceTree = "<group>";
		};
		59E9FC362D97504AE3F40441 /* Frameworks */ = {
			isa = PBXGroup;
			children = (
				A62DFDD5327CA9BBAFD59976 /* Pods_RxSwiftWithMVVM.framework */,
			);
			name = Frameworks;
			sourceTree = "<group>";
		};
		A5450F53BFB3109A2D7B5DC8 /* Pods */ = {
			isa = PBXGroup;
			children = (
				C7DC28C6752D8EAD893865B6 /* Pods-RxSwiftWithMVVM.debug.xcconfig */,
				DA871E7ABA2731318935910B /* Pods-RxSwiftWithMVVM.release.xcconfig */,
			);
			path = Pods;
			sourceTree = "<group>";
		};
/* End PBXGroup section */

/* Begin PBXNativeTarget section */
		2532B72A2A63E3C300582427 /* RxSwiftWithMVVM */ = {
			isa = PBXNativeTarget;
			buildConfigurationList = 2532B73F2A63E3C500582427 /* Build configuration list for PBXNativeTarget "RxSwiftWithMVVM" */;
			buildPhases = (
				316A956521995164EA2AC0BC /* [CP] Check Pods Manifest.lock */,
				2532B7272A63E3C300582427 /* Sources */,
				2532B7282A63E3C300582427 /* Frameworks */,
				2532B7292A63E3C300582427 /* Resources */,
				8D942588556C060CE91E9152 /* [CP] Embed Pods Frameworks */,
			);
			buildRules = (
			);
			dependencies = (
			);
			name = RxSwiftWithMVVM;
			productName = RxSwiftWithMVVM;
			productReference = 2532B72B2A63E3C300582427 /* RxSwiftWithMVVM.app */;
			productType = "com.apple.product-type.application";
		};
/* End PBXNativeTarget section */

/* Begin PBXProject section */
		2532B7232A63E3C300582427 /* Project object */ = {
			isa = PBXProject;
			attributes = {
				BuildIndependentTargetsInParallel = 1;
				LastSwiftUpdateCheck = 1420;
				LastUpgradeCheck = 1420;
				TargetAttributes = {
					2532B72A2A63E3C300582427 = {
						CreatedOnToolsVersion = 14.2;
					};
				};
			};
			buildConfigurationList = 2532B7262A63E3C300582427 /* Build configuration list for PBXProject "RxSwiftWithMVVM" */;
			compatibilityVersion = "Xcode 13.0";
			developmentRegion = en;
			hasScannedForEncodings = 0;
			knownRegions = (
				en,
				Base,
			);
			mainGroup = 2532B7222A63E3C300582427;
			productRefGroup = 2532B72C2A63E3C300582427 /* Products */;
			projectDirPath = "";
			projectRoot = "";
			targets = (
				2532B72A2A63E3C300582427 /* RxSwiftWithMVVM */,
			);
		};
/* End PBXProject section */

/* Begin PBXResourcesBuildPhase section */
		2532B7292A63E3C300582427 /* Resources */ = {
			isa = PBXResourcesBuildPhase;
			buildActionMask = 2147483647;
			files = (
				2532B73B2A63E3C500582427 /* LaunchScreen.storyboard in Resources */,
				2532B7382A63E3C500582427 /* Assets.xcassets in Resources */,
				2532B7362A63E3C300582427 /* Main.storyboard in Resources */,
			);
			runOnlyForDeploymentPostprocessing = 0;
		};
/* End PBXResourcesBuildPhase section */

/* Begin PBXShellScriptBuildPhase section */
		316A956521995164EA2AC0BC /* [CP] Check Pods Manifest.lock */ = {
			isa = PBXShellScriptBuildPhase;
			buildActionMask = 2147483647;
			files = (
			);
			inputFileListPaths = (
			);
			inputPaths = (
				"${PODS_PODFILE_DIR_PATH}/Podfile.lock",
				"${PODS_ROOT}/Manifest.lock",
			);
			name = "[CP] Check Pods Manifest.lock";
			outputFileListPaths = (
			);
			outputPaths = (
				"$(DERIVED_FILE_DIR)/Pods-RxSwiftWithMVVM-checkManifestLockResult.txt",
			);
			runOnlyForDeploymentPostprocessing = 0;
			shellPath = /bin/sh;
			shellScript = "diff \"${PODS_PODFILE_DIR_PATH}/Podfile.lock\" \"${PODS_ROOT}/Manifest.lock\" > /dev/null\nif [ $? != 0 ] ; then\n    # print error to STDERR\n    echo \"error: The sandbox is not in sync with the Podfile.lock. Run 'pod install' or update your CocoaPods installation.\" >&2\n    exit 1\nfi\n# This output is used by Xcode 'outputs' to avoid re-running this script phase.\necho \"SUCCESS\" > \"${SCRIPT_OUTPUT_FILE_0}\"\n";
			showEnvVarsInLog = 0;
		};
		8D942588556C060CE91E9152 /* [CP] Embed Pods Frameworks */ = {
			isa = PBXShellScriptBuildPhase;
			buildActionMask = 2147483647;
			files = (
			);
			inputFileListPaths = (
				"${PODS_ROOT}/Target Support Files/Pods-RxSwiftWithMVVM/Pods-RxSwiftWithMVVM-frameworks-${CONFIGURATION}-input-files.xcfilelist",
			);
			name = "[CP] Embed Pods Frameworks";
			outputFileListPaths = (
				"${PODS_ROOT}/Target Support Files/Pods-RxSwiftWithMVVM/Pods-RxSwiftWithMVVM-frameworks-${CONFIGURATION}-output-files.xcfilelist",
			);
			runOnlyForDeploymentPostprocessing = 0;
			shellPath = /bin/sh;
			shellScript = "\"${PODS_ROOT}/Target Support Files/Pods-RxSwiftWithMVVM/Pods-RxSwiftWithMVVM-frameworks.sh\"\n";
			showEnvVarsInLog = 0;
		};
/* End PBXShellScriptBuildPhase section */

/* Begin PBXSourcesBuildPhase section */
		2532B7272A63E3C300582427 /* Sources */ = {
			isa = PBXSourcesBuildPhase;
			buildActionMask = 2147483647;
			files = (
				2532B7332A63E3C300582427 /* ViewController.swift in Sources */,
				2532B72F2A63E3C300582427 /* AppDelegate.swift in Sources */,
				2532B7472A63E53400582427 /* Util.swift in Sources */,
				2532B7312A63E3C300582427 /* SceneDelegate.swift in Sources */,
				2532B7442A63E4D700582427 /* SuperStar.swift in Sources */,
			);
			runOnlyForDeploymentPostprocessing = 0;
		};
/* End PBXSourcesBuildPhase section */

/* Begin PBXVariantGroup section */
		2532B7342A63E3C300582427 /* Main.storyboard */ = {
			isa = PBXVariantGroup;
			children = (
				2532B7352A63E3C300582427 /* Base */,
			);
			name = Main.storyboard;
			sourceTree = "<group>";
		};
		2532B7392A63E3C500582427 /* LaunchScreen.storyboard */ = {
			isa = PBXVariantGroup;
			children = (
				2532B73A2A63E3C500582427 /* Base */,
			);
			name = LaunchScreen.storyboard;
			sourceTree = "<group>";
		};
/* End PBXVariantGroup section */

/* Begin XCBuildConfiguration section */
		2532B73D2A63E3C500582427 /* Debug */ = {
			isa = XCBuildConfiguration;
			buildSettings = {
				ALWAYS_SEARCH_USER_PATHS = NO;
				CLANG_ANALYZER_NONNULL = YES;
				CLANG_ANALYZER_NUMBER_OBJECT_CONVERSION = YES_AGGRESSIVE;
				CLANG_CXX_LANGUAGE_STANDARD = "gnu++20";
				CLANG_ENABLE_MODULES = YES;
				CLANG_ENABLE_OBJC_ARC = YES;
				CLANG_ENABLE_OBJC_WEAK = YES;
				CLANG_WARN_BLOCK_CAPTURE_AUTORELEASING = YES;
				CLANG_WARN_BOOL_CONVERSION = YES;
				CLANG_WARN_COMMA = YES;
				CLANG_WARN_CONSTANT_CONVERSION = YES;
				CLANG_WARN_DEPRECATED_OBJC_IMPLEMENTATIONS = YES;
				CLANG_WARN_DIRECT_OBJC_ISA_USAGE = YES_ERROR;
				CLANG_WARN_DOCUMENTATION_COMMENTS = YES;
				CLANG_WARN_EMPTY_BODY = YES;
				CLANG_WARN_ENUM_CONVERSION = YES;
				CLANG_WARN_INFINITE_RECURSION = YES;
				CLANG_WARN_INT_CONVERSION = YES;
				CLANG_WARN_NON_LITERAL_NULL_CONVERSION = YES;
				CLANG_WARN_OBJC_IMPLICIT_RETAIN_SELF = YES;
				CLANG_WARN_OBJC_LITERAL_CONVERSION = YES;
				CLANG_WARN_OBJC_ROOT_CLASS = YES_ERROR;
				CLANG_WARN_QUOTED_INCLUDE_IN_FRAMEWORK_HEADER = YES;
				CLANG_WARN_RANGE_LOOP_ANALYSIS = YES;
				CLANG_WARN_STRICT_PROTOTYPES = YES;
				CLANG_WARN_SUSPICIOUS_MOVE = YES;
				CLANG_WARN_UNGUARDED_AVAILABILITY = YES_AGGRESSIVE;
				CLANG_WARN_UNREACHABLE_CODE = YES;
				CLANG_WARN__DUPLICATE_METHOD_MATCH = YES;
				COPY_PHASE_STRIP = NO;
				DEBUG_INFORMATION_FORMAT = dwarf;
				ENABLE_STRICT_OBJC_MSGSEND = YES;
				ENABLE_TESTABILITY = YES;
				GCC_C_LANGUAGE_STANDARD = gnu11;
				GCC_DYNAMIC_NO_PIC = NO;
				GCC_NO_COMMON_BLOCKS = YES;
				GCC_OPTIMIZATION_LEVEL = 0;
				GCC_PREPROCESSOR_DEFINITIONS = (
					"DEBUG=1",
					"$(inherited)",
				);
				GCC_WARN_64_TO_32_BIT_CONVERSION = YES;
				GCC_WARN_ABOUT_RETURN_TYPE = YES_ERROR;
				GCC_WARN_UNDECLARED_SELECTOR = YES;
				GCC_WARN_UNINITIALIZED_AUTOS = YES_AGGRESSIVE;
				GCC_WARN_UNUSED_FUNCTION = YES;
				GCC_WARN_UNUSED_VARIABLE = YES;
				IPHONEOS_DEPLOYMENT_TARGET = 16.2;
				MTL_ENABLE_DEBUG_INFO = INCLUDE_SOURCE;
				MTL_FAST_MATH = YES;
				ONLY_ACTIVE_ARCH = YES;
				SDKROOT = iphoneos;
				SWIFT_ACTIVE_COMPILATION_CONDITIONS = DEBUG;
				SWIFT_OPTIMIZATION_LEVEL = "-Onone";
			};
			name = Debug;
		};
		2532B73E2A63E3C500582427 /* Release */ = {
			isa = XCBuildConfiguration;
			buildSettings = {
				ALWAYS_SEARCH_USER_PATHS = NO;
				CLANG_ANALYZER_NONNULL = YES;
				CLANG_ANALYZER_NUMBER_OBJECT_CONVERSION = YES_AGGRESSIVE;
				CLANG_CXX_LANGUAGE_STANDARD = "gnu++20";
				CLANG_ENABLE_MODULES = YES;
				CLANG_ENABLE_OBJC_ARC = YES;
				CLANG_ENABLE_OBJC_WEAK = YES;
				CLANG_WARN_BLOCK_CAPTURE_AUTORELEASING = YES;
				CLANG_WARN_BOOL_CONVERSION = YES;
				CLANG_WARN_COMMA = YES;
				CLANG_WARN_CONSTANT_CONVERSION = YES;
				CLANG_WARN_DEPRECATED_OBJC_IMPLEMENTATIONS = YES;
				CLANG_WARN_DIRECT_OBJC_ISA_USAGE = YES_ERROR;
				CLANG_WARN_DOCUMENTATION_COMMENTS = YES;
				CLANG_WARN_EMPTY_BODY = YES;
				CLANG_WARN_ENUM_CONVERSION = YES;
				CLANG_WARN_INFINITE_RECURSION = YES;
				CLANG_WARN_INT_CONVERSION = YES;
				CLANG_WARN_NON_LITERAL_NULL_CONVERSION = YES;
				CLANG_WARN_OBJC_IMPLICIT_RETAIN_SELF = YES;
				CLANG_WARN_OBJC_LITERAL_CONVERSION = YES;
				CLANG_WARN_OBJC_ROOT_CLASS = YES_ERROR;
				CLANG_WARN_QUOTED_INCLUDE_IN_FRAMEWORK_HEADER = YES;
				CLANG_WARN_RANGE_LOOP_ANALYSIS = YES;
				CLANG_WARN_STRICT_PROTOTYPES = YES;
				CLANG_WARN_SUSPICIOUS_MOVE = YES;
				CLANG_WARN_UNGUARDED_AVAILABILITY = YES_AGGRESSIVE;
				CLANG_WARN_UNREACHABLE_CODE = YES;
				CLANG_WARN__DUPLICATE_METHOD_MATCH = YES;
				COPY_PHASE_STRIP = NO;
				DEBUG_INFORMATION_FORMAT = "dwarf-with-dsym";
				ENABLE_NS_ASSERTIONS = NO;
				ENABLE_STRICT_OBJC_MSGSEND = YES;
				GCC_C_LANGUAGE_STANDARD = gnu11;
				GCC_NO_COMMON_BLOCKS = YES;
				GCC_WARN_64_TO_32_BIT_CONVERSION = YES;
				GCC_WARN_ABOUT_RETURN_TYPE = YES_ERROR;
				GCC_WARN_UNDECLARED_SELECTOR = YES;
				GCC_WARN_UNINITIALIZED_AUTOS = YES_AGGRESSIVE;
				GCC_WARN_UNUSED_FUNCTION = YES;
				GCC_WARN_UNUSED_VARIABLE = YES;
				IPHONEOS_DEPLOYMENT_TARGET = 16.2;
				MTL_ENABLE_DEBUG_INFO = NO;
				MTL_FAST_MATH = YES;
				SDKROOT = iphoneos;
				SWIFT_COMPILATION_MODE = wholemodule;
				SWIFT_OPTIMIZATION_LEVEL = "-O";
				VALIDATE_PRODUCT = YES;
			};
			name = Release;
		};
		2532B7402A63E3C500582427 /* Debug */ = {
			isa = XCBuildConfiguration;
			baseConfigurationReference = C7DC28C6752D8EAD893865B6 /* Pods-RxSwiftWithMVVM.debug.xcconfig */;
			buildSettings = {
				ASSETCATALOG_COMPILER_APPICON_NAME = AppIcon;
				ASSETCATALOG_COMPILER_GLOBAL_ACCENT_COLOR_NAME = AccentColor;
				CODE_SIGN_STYLE = Automatic;
				CURRENT_PROJECT_VERSION = 1;
				DEVELOPMENT_TEAM = GQF9DRKKG2;
				GENERATE_INFOPLIST_FILE = YES;
				INFOPLIST_FILE = RxSwiftWithMVVM/Info.plist;
				INFOPLIST_KEY_UIApplicationSupportsIndirectInputEvents = YES;
				INFOPLIST_KEY_UILaunchStoryboardName = LaunchScreen;
				INFOPLIST_KEY_UIMainStoryboardFile = Main;
				INFOPLIST_KEY_UISupportedInterfaceOrientations_iPad = "UIInterfaceOrientationPortrait UIInterfaceOrientationPortraitUpsideDown UIInterfaceOrientationLandscapeLeft UIInterfaceOrientationLandscapeRight";
				INFOPLIST_KEY_UISupportedInterfaceOrientations_iPhone = "UIInterfaceOrientationPortrait UIInterfaceOrientationLandscapeLeft UIInterfaceOrientationLandscapeRight";
				LD_RUNPATH_SEARCH_PATHS = (
					"$(inherited)",
					"@executable_path/Frameworks",
				);
				MARKETING_VERSION = 1.0;
				PRODUCT_BUNDLE_IDENTIFIER = jina.RxSwiftWithMVVM;
				PRODUCT_NAME = "$(TARGET_NAME)";
				SWIFT_EMIT_LOC_STRINGS = YES;
				SWIFT_VERSION = 5.0;
				TARGETED_DEVICE_FAMILY = "1,2";
			};
			name = Debug;
		};
		2532B7412A63E3C500582427 /* Release */ = {
			isa = XCBuildConfiguration;
			baseConfigurationReference = DA871E7ABA2731318935910B /* Pods-RxSwiftWithMVVM.release.xcconfig */;
			buildSettings = {
				ASSETCATALOG_COMPILER_APPICON_NAME = AppIcon;
				ASSETCATALOG_COMPILER_GLOBAL_ACCENT_COLOR_NAME = AccentColor;
				CODE_SIGN_STYLE = Automatic;
				CURRENT_PROJECT_VERSION = 1;
				DEVELOPMENT_TEAM = GQF9DRKKG2;
				GENERATE_INFOPLIST_FILE = YES;
				INFOPLIST_FILE = RxSwiftWithMVVM/Info.plist;
				INFOPLIST_KEY_UIApplicationSupportsIndirectInputEvents = YES;
				INFOPLIST_KEY_UILaunchStoryboardName = LaunchScreen;
				INFOPLIST_KEY_UIMainStoryboardFile = Main;
				INFOPLIST_KEY_UISupportedInterfaceOrientations_iPad = "UIInterfaceOrientationPortrait UIInterfaceOrientationPortraitUpsideDown UIInterfaceOrientationLandscapeLeft UIInterfaceOrientationLandscapeRight";
				INFOPLIST_KEY_UISupportedInterfaceOrientations_iPhone = "UIInterfaceOrientationPortrait UIInterfaceOrientationLandscapeLeft UIInterfaceOrientationLandscapeRight";
				LD_RUNPATH_SEARCH_PATHS = (
					"$(inherited)",
					"@executable_path/Frameworks",
				);
				MARKETING_VERSION = 1.0;
				PRODUCT_BUNDLE_IDENTIFIER = jina.RxSwiftWithMVVM;
				PRODUCT_NAME = "$(TARGET_NAME)";
				SWIFT_EMIT_LOC_STRINGS = YES;
				SWIFT_VERSION = 5.0;
				TARGETED_DEVICE_FAMILY = "1,2";
			};
			name = Release;
		};
/* End XCBuildConfiguration section */

/* Begin XCConfigurationList section */
		2532B7262A63E3C300582427 /* Build configuration list for PBXProject "RxSwiftWithMVVM" */ = {
			isa = XCConfigurationList;
			buildConfigurations = (
				2532B73D2A63E3C500582427 /* Debug */,
				2532B73E2A63E3C500582427 /* Release */,
			);
			defaultConfigurationIsVisible = 0;
			defaultConfigurationName = Release;
		};
		2532B73F2A63E3C500582427 /* Build configuration list for PBXNativeTarget "RxSwiftWithMVVM" */ = {
			isa = XCConfigurationList;
			buildConfigurations = (
				2532B7402A63E3C500582427 /* Debug */,
				2532B7412A63E3C500582427 /* Release */,
			);
			defaultConfigurationIsVisible = 0;
			defaultConfigurationName = Release;
		};
/* End XCConfigurationList section */
	};
	rootObject = 2532B7232A63E3C300582427 /* Project object */;
}
