// !$*UTF8*$!
{
	archiveVersion = 1;
	classes = {
	};
	objectVersion = 46;
	objects = {

/* Begin PBXBuildFile section */
		3C01826C1F6BD8B500C4A3CD /* AppDelegate.swift in Sources */ = {isa = PBXBuildFile; fileRef = 3C01826B1F6BD8B500C4A3CD /* AppDelegate.swift */; };
		3C01826E1F6BD8B500C4A3CD /* ViewController.swift in Sources */ = {isa = PBXBuildFile; fileRef = 3C01826D1F6BD8B500C4A3CD /* ViewController.swift */; };
		3C0182711F6BD8B500C4A3CD /* Main.storyboard in Resources */ = {isa = PBXBuildFile; fileRef = 3C01826F1F6BD8B500C4A3CD /* Main.storyboard */; };
		3C0182731F6BD8B500C4A3CD /* Assets.xcassets in Resources */ = {isa = PBXBuildFile; fileRef = 3C0182721F6BD8B500C4A3CD /* Assets.xcassets */; };
		3C0182761F6BD8B500C4A3CD /* LaunchScreen.storyboard in Resources */ = {isa = PBXBuildFile; fileRef = 3C0182741F6BD8B500C4A3CD /* LaunchScreen.storyboard */; };
		3C0182841F6BE2CA00C4A3CD /* smile.png in Resources */ = {isa = PBXBuildFile; fileRef = 3C0182831F6BE2CA00C4A3CD /* smile.png */; };
		3C0182861F6BE32900C4A3CD /* sad.png in Resources */ = {isa = PBXBuildFile; fileRef = 3C0182851F6BE32900C4A3CD /* sad.png */; };
		3C0182881F6BE39500C4A3CD /* sick.png in Resources */ = {isa = PBXBuildFile; fileRef = 3C0182871F6BE39500C4A3CD /* sick.png */; };
		3C01828A1F6BE42E00C4A3CD /* angry.png in Resources */ = {isa = PBXBuildFile; fileRef = 3C0182891F6BE42E00C4A3CD /* angry.png */; };
/* End PBXBuildFile section */

/* Begin PBXFileReference section */
		3C0182681F6BD8B500C4A3CD /* vendingMachine.app */ = {isa = PBXFileReference; explicitFileType = wrapper.application; includeInIndex = 0; path = vendingMachine.app; sourceTree = BUILT_PRODUCTS_DIR; };
		3C01826B1F6BD8B500C4A3CD /* AppDelegate.swift */ = {isa = PBXFileReference; lastKnownFileType = sourcecode.swift; path = AppDelegate.swift; sourceTree = "<group>"; };
		3C01826D1F6BD8B500C4A3CD /* ViewController.swift */ = {isa = PBXFileReference; lastKnownFileType = sourcecode.swift; path = ViewController.swift; sourceTree = "<group>"; };
		3C0182701F6BD8B500C4A3CD /* Base */ = {isa = PBXFileReference; lastKnownFileType = file.storyboard; name = Base; path = Base.lproj/Main.storyboard; sourceTree = "<group>"; };
		3C0182721F6BD8B500C4A3CD /* Assets.xcassets */ = {isa = PBXFileReference; lastKnownFileType = folder.assetcatalog; path = Assets.xcassets; sourceTree = "<group>"; };
		3C0182751F6BD8B500C4A3CD /* Base */ = {isa = PBXFileReference; lastKnownFileType = file.storyboard; name = Base; path = Base.lproj/LaunchScreen.storyboard; sourceTree = "<group>"; };
		3C0182771F6BD8B500C4A3CD /* Info.plist */ = {isa = PBXFileReference; lastKnownFileType = text.plist.xml; path = Info.plist; sourceTree = "<group>"; };
		3C0182831F6BE2CA00C4A3CD /* smile.png */ = {isa = PBXFileReference; lastKnownFileType = image.png; path = smile.png; sourceTree = "<group>"; };
		3C0182851F6BE32900C4A3CD /* sad.png */ = {isa = PBXFileReference; lastKnownFileType = image.png; path = sad.png; sourceTree = "<group>"; };
		3C0182871F6BE39500C4A3CD /* sick.png */ = {isa = PBXFileReference; lastKnownFileType = image.png; path = sick.png; sourceTree = "<group>"; };
		3C0182891F6BE42E00C4A3CD /* angry.png */ = {isa = PBXFileReference; lastKnownFileType = image.png; path = angry.png; sourceTree = "<group>"; };
/* End PBXFileReference section */

/* Begin PBXFrameworksBuildPhase section */
		3C0182651F6BD8B500C4A3CD /* Frameworks */ = {
			isa = PBXFrameworksBuildPhase;
			buildActionMask = 2147483647;
			files = (
			);
			runOnlyForDeploymentPostprocessing = 0;
		};
/* End PBXFrameworksBuildPhase section */

/* Begin PBXGroup section */
		3C01825F1F6BD8B500C4A3CD = {
			isa = PBXGroup;
			children = (
				3C01826A1F6BD8B500C4A3CD /* vendingMachine */,
				3C0182691F6BD8B500C4A3CD /* Products */,
			);
			sourceTree = "<group>";
		};
		3C0182691F6BD8B500C4A3CD /* Products */ = {
			isa = PBXGroup;
			children = (
				3C0182681F6BD8B500C4A3CD /* vendingMachine.app */,
			);
			name = Products;
			sourceTree = "<group>";
		};
		3C01826A1F6BD8B500C4A3CD /* vendingMachine */ = {
			isa = PBXGroup;
			children = (
				3C01826B1F6BD8B500C4A3CD /* AppDelegate.swift */,
				3C01826D1F6BD8B500C4A3CD /* ViewController.swift */,
				3C01826F1F6BD8B500C4A3CD /* Main.storyboard */,
				3C0182721F6BD8B500C4A3CD /* Assets.xcassets */,
				3C0182741F6BD8B500C4A3CD /* LaunchScreen.storyboard */,
				3C0182771F6BD8B500C4A3CD /* Info.plist */,
				3C0182851F6BE32900C4A3CD /* sad.png */,
				3C0182831F6BE2CA00C4A3CD /* smile.png */,
				3C0182891F6BE42E00C4A3CD /* angry.png */,
				3C0182871F6BE39500C4A3CD /* sick.png */,
			);
			path = vendingMachine;
			sourceTree = "<group>";
		};
/* End PBXGroup section */

/* Begin PBXNativeTarget section */
		3C0182671F6BD8B500C4A3CD /* vendingMachine */ = {
			isa = PBXNativeTarget;
			buildConfigurationList = 3C01827A1F6BD8B500C4A3CD /* Build configuration list for PBXNativeTarget "vendingMachine" */;
			buildPhases = (
				3C0182641F6BD8B500C4A3CD /* Sources */,
				3C0182651F6BD8B500C4A3CD /* Frameworks */,
				3C0182661F6BD8B500C4A3CD /* Resources */,
			);
			buildRules = (
			);
			dependencies = (
			);
			name = vendingMachine;
			productName = vendingMachine;
			productReference = 3C0182681F6BD8B500C4A3CD /* vendingMachine.app */;
			productType = "com.apple.product-type.application";
		};
/* End PBXNativeTarget section */

/* Begin PBXProject section */
		3C0182601F6BD8B500C4A3CD /* Project object */ = {
			isa = PBXProject;
			attributes = {
				LastSwiftUpdateCheck = 0830;
				LastUpgradeCheck = 0830;
				ORGANIZATIONNAME = "김지나";
				TargetAttributes = {
					3C0182671F6BD8B500C4A3CD = {
						CreatedOnToolsVersion = 8.3.3;
						ProvisioningStyle = Automatic;
					};
				};
			};
			buildConfigurationList = 3C0182631F6BD8B500C4A3CD /* Build configuration list for PBXProject "vendingMachine" */;
			compatibilityVersion = "Xcode 3.2";
			developmentRegion = English;
			hasScannedForEncodings = 0;
			knownRegions = (
				en,
				Base,
			);
			mainGroup = 3C01825F1F6BD8B500C4A3CD;
			productRefGroup = 3C0182691F6BD8B500C4A3CD /* Products */;
			projectDirPath = "";
			projectRoot = "";
			targets = (
				3C0182671F6BD8B500C4A3CD /* vendingMachine */,
			);
		};
/* End PBXProject section */

/* Begin PBXResourcesBuildPhase section */
		3C0182661F6BD8B500C4A3CD /* Resources */ = {
			isa = PBXResourcesBuildPhase;
			buildActionMask = 2147483647;
			files = (
				3C0182861F6BE32900C4A3CD /* sad.png in Resources */,
				3C0182881F6BE39500C4A3CD /* sick.png in Resources */,
				3C0182761F6BD8B500C4A3CD /* LaunchScreen.storyboard in Resources */,
				3C0182841F6BE2CA00C4A3CD /* smile.png in Resources */,
				3C01828A1F6BE42E00C4A3CD /* angry.png in Resources */,
				3C0182731F6BD8B500C4A3CD /* Assets.xcassets in Resources */,
				3C0182711F6BD8B500C4A3CD /* Main.storyboard in Resources */,
			);
			runOnlyForDeploymentPostprocessing = 0;
		};
/* End PBXResourcesBuildPhase section */

/* Begin PBXSourcesBuildPhase section */
		3C0182641F6BD8B500C4A3CD /* Sources */ = {
			isa = PBXSourcesBuildPhase;
			buildActionMask = 2147483647;
			files = (
				3C01826E1F6BD8B500C4A3CD /* ViewController.swift in Sources */,
				3C01826C1F6BD8B500C4A3CD /* AppDelegate.swift in Sources */,
			);
			runOnlyForDeploymentPostprocessing = 0;
		};
/* End PBXSourcesBuildPhase section */

/* Begin PBXVariantGroup section */
		3C01826F1F6BD8B500C4A3CD /* Main.storyboard */ = {
			isa = PBXVariantGroup;
			children = (
				3C0182701F6BD8B500C4A3CD /* Base */,
			);
			name = Main.storyboard;
			sourceTree = "<group>";
		};
		3C0182741F6BD8B500C4A3CD /* LaunchScreen.storyboard */ = {
			isa = PBXVariantGroup;
			children = (
				3C0182751F6BD8B500C4A3CD /* Base */,
			);
			name = LaunchScreen.storyboard;
			sourceTree = "<group>";
		};
/* End PBXVariantGroup section */

/* Begin XCBuildConfiguration section */
		3C0182781F6BD8B500C4A3CD /* Debug */ = {
			isa = XCBuildConfiguration;
			buildSettings = {
				ALWAYS_SEARCH_USER_PATHS = NO;
				CLANG_ANALYZER_NONNULL = YES;
				CLANG_ANALYZER_NUMBER_OBJECT_CONVERSION = YES_AGGRESSIVE;
				CLANG_CXX_LANGUAGE_STANDARD = "gnu++0x";
				CLANG_CXX_LIBRARY = "libc++";
				CLANG_ENABLE_MODULES = YES;
				CLANG_ENABLE_OBJC_ARC = YES;
				CLANG_WARN_BOOL_CONVERSION = YES;
				CLANG_WARN_CONSTANT_CONVERSION = YES;
				CLANG_WARN_DIRECT_OBJC_ISA_USAGE = YES_ERROR;
				CLANG_WARN_DOCUMENTATION_COMMENTS = YES;
				CLANG_WARN_EMPTY_BODY = YES;
				CLANG_WARN_ENUM_CONVERSION = YES;
				CLANG_WARN_INFINITE_RECURSION = YES;
				CLANG_WARN_INT_CONVERSION = YES;
				CLANG_WARN_OBJC_ROOT_CLASS = YES_ERROR;
				CLANG_WARN_SUSPICIOUS_MOVE = YES;
				CLANG_WARN_UNREACHABLE_CODE = YES;
				CLANG_WARN__DUPLICATE_METHOD_MATCH = YES;
				"CODE_SIGN_IDENTITY[sdk=iphoneos*]" = "iPhone Developer";
				COPY_PHASE_STRIP = NO;
				DEBUG_INFORMATION_FORMAT = dwarf;
				ENABLE_STRICT_OBJC_MSGSEND = YES;
				ENABLE_TESTABILITY = YES;
				GCC_C_LANGUAGE_STANDARD = gnu99;
				GCC_DYNAMIC_NO_PIC = NO;
				GCC_NO_COMMON_BLOCKS = YES;
				GCC_OPTIMIZATION_LEVEL = 0;
				GCC_PREPROCESSOR_DEFINITIONS = (
					"DEBUG=1",
					"$(inherited)",
				);
				GCC_WARN_64_TO_32_BIT_CONVERSION = YES;
				GCC_WARN_ABOUT_RETURN_TYPE = YES_ERROR;
				GCC_WARN_UNDECLARED_SELECTOR = YES;
				GCC_WARN_UNINITIALIZED_AUTOS = YES_AGGRESSIVE;
				GCC_WARN_UNUSED_FUNCTION = YES;
				GCC_WARN_UNUSED_VARIABLE = YES;
				IPHONEOS_DEPLOYMENT_TARGET = 10.3;
				MTL_ENABLE_DEBUG_INFO = YES;
				ONLY_ACTIVE_ARCH = YES;
				SDKROOT = iphoneos;
				SWIFT_ACTIVE_COMPILATION_CONDITIONS = DEBUG;
				SWIFT_OPTIMIZATION_LEVEL = "-Onone";
			};
			name = Debug;
		};
		3C0182791F6BD8B500C4A3CD /* Release */ = {
			isa = XCBuildConfiguration;
			buildSettings = {
				ALWAYS_SEARCH_USER_PATHS = NO;
				CLANG_ANALYZER_NONNULL = YES;
				CLANG_ANALYZER_NUMBER_OBJECT_CONVERSION = YES_AGGRESSIVE;
				CLANG_CXX_LANGUAGE_STANDARD = "gnu++0x";
				CLANG_CXX_LIBRARY = "libc++";
				CLANG_ENABLE_MODULES = YES;
				CLANG_ENABLE_OBJC_ARC = YES;
				CLANG_WARN_BOOL_CONVERSION = YES;
				CLANG_WARN_CONSTANT_CONVERSION = YES;
				CLANG_WARN_DIRECT_OBJC_ISA_USAGE = YES_ERROR;
				CLANG_WARN_DOCUMENTATION_COMMENTS = YES;
				CLANG_WARN_EMPTY_BODY = YES;
				CLANG_WARN_ENUM_CONVERSION = YES;
				CLANG_WARN_INFINITE_RECURSION = YES;
				CLANG_WARN_INT_CONVERSION = YES;
				CLANG_WARN_OBJC_ROOT_CLASS = YES_ERROR;
				CLANG_WARN_SUSPICIOUS_MOVE = YES;
				CLANG_WARN_UNREACHABLE_CODE = YES;
				CLANG_WARN__DUPLICATE_METHOD_MATCH = YES;
				"CODE_SIGN_IDENTITY[sdk=iphoneos*]" = "iPhone Developer";
				COPY_PHASE_STRIP = NO;
				DEBUG_INFORMATION_FORMAT = "dwarf-with-dsym";
				ENABLE_NS_ASSERTIONS = NO;
				ENABLE_STRICT_OBJC_MSGSEND = YES;
				GCC_C_LANGUAGE_STANDARD = gnu99;
				GCC_NO_COMMON_BLOCKS = YES;
				GCC_WARN_64_TO_32_BIT_CONVERSION = YES;
				GCC_WARN_ABOUT_RETURN_TYPE = YES_ERROR;
				GCC_WARN_UNDECLARED_SELECTOR = YES;
				GCC_WARN_UNINITIALIZED_AUTOS = YES_AGGRESSIVE;
				GCC_WARN_UNUSED_FUNCTION = YES;
				GCC_WARN_UNUSED_VARIABLE = YES;
				IPHONEOS_DEPLOYMENT_TARGET = 10.3;
				MTL_ENABLE_DEBUG_INFO = NO;
				SDKROOT = iphoneos;
				SWIFT_OPTIMIZATION_LEVEL = "-Owholemodule";
				VALIDATE_PRODUCT = YES;
			};
			name = Release;
		};
		3C01827B1F6BD8B500C4A3CD /* Debug */ = {
			isa = XCBuildConfiguration;
			buildSettings = {
				ASSETCATALOG_COMPILER_APPICON_NAME = AppIcon;
				INFOPLIST_FILE = vendingMachine/Info.plist;
				LD_RUNPATH_SEARCH_PATHS = "$(inherited) @executable_path/Frameworks";
				PRODUCT_BUNDLE_IDENTIFIER = a.vendingMachine;
				PRODUCT_NAME = "$(TARGET_NAME)";
				SWIFT_VERSION = 3.0;
			};
			name = Debug;
		};
		3C01827C1F6BD8B500C4A3CD /* Release */ = {
			isa = XCBuildConfiguration;
			buildSettings = {
				ASSETCATALOG_COMPILER_APPICON_NAME = AppIcon;
				INFOPLIST_FILE = vendingMachine/Info.plist;
				LD_RUNPATH_SEARCH_PATHS = "$(inherited) @executable_path/Frameworks";
				PRODUCT_BUNDLE_IDENTIFIER = a.vendingMachine;
				PRODUCT_NAME = "$(TARGET_NAME)";
				SWIFT_VERSION = 3.0;
			};
			name = Release;
		};
/* End XCBuildConfiguration section */

/* Begin XCConfigurationList section */
		3C0182631F6BD8B500C4A3CD /* Build configuration list for PBXProject "vendingMachine" */ = {
			isa = XCConfigurationList;
			buildConfigurations = (
				3C0182781F6BD8B500C4A3CD /* Debug */,
				3C0182791F6BD8B500C4A3CD /* Release */,
			);
			defaultConfigurationIsVisible = 0;
			defaultConfigurationName = Release;
		};
		3C01827A1F6BD8B500C4A3CD /* Build configuration list for PBXNativeTarget "vendingMachine" */ = {
			isa = XCConfigurationList;
			buildConfigurations = (
				3C01827B1F6BD8B500C4A3CD /* Debug */,
				3C01827C1F6BD8B500C4A3CD /* Release */,
			);
			defaultConfigurationIsVisible = 0;
		};
/* End XCConfigurationList section */
	};
	rootObject = 3C0182601F6BD8B500C4A3CD /* Project object */;
}
