// !$*UTF8*$!
{
	archiveVersion = 1;
	classes = {
	};
	objectVersion = 46;
	objects = {

/* Begin PBXBuildFile section */
		3C7AEF611F725214009E940C /* myViewController.swift in Sources */ = {isa = PBXBuildFile; fileRef = 3C7AEF601F725214009E940C /* myViewController.swift */; };
		3C7FCCCD1F667F2900CBBE16 /* AppDelegate.swift in Sources */ = {isa = PBXBuildFile; fileRef = 3C7FCCCC1F667F2900CBBE16 /* AppDelegate.swift */; };
		3C7FCCCF1F667F2900CBBE16 /* ViewController.swift in Sources */ = {isa = PBXBuildFile; fileRef = 3C7FCCCE1F667F2900CBBE16 /* ViewController.swift */; };
		3C7FCCD21F667F2900CBBE16 /* Main.storyboard in Resources */ = {isa = PBXBuildFile; fileRef = 3C7FCCD01F667F2900CBBE16 /* Main.storyboard */; };
		3C7FCCD41F667F2900CBBE16 /* Assets.xcassets in Resources */ = {isa = PBXBuildFile; fileRef = 3C7FCCD31F667F2900CBBE16 /* Assets.xcassets */; };
		3C7FCCD71F667F2900CBBE16 /* LaunchScreen.storyboard in Resources */ = {isa = PBXBuildFile; fileRef = 3C7FCCD51F667F2900CBBE16 /* LaunchScreen.storyboard */; };
		3C7FCCDF1F67B9A300CBBE16 /* subject.swift in Sources */ = {isa = PBXBuildFile; fileRef = 3C7FCCDE1F67B9A300CBBE16 /* subject.swift */; };
		3C7FCCE11F67CE9F00CBBE16 /* student.swift in Sources */ = {isa = PBXBuildFile; fileRef = 3C7FCCE01F67CE9F00CBBE16 /* student.swift */; };
		3C7FCCE31F67D0E700CBBE16 /* SubjectCalculator.swift in Sources */ = {isa = PBXBuildFile; fileRef = 3C7FCCE21F67D0E700CBBE16 /* SubjectCalculator.swift */; };
/* End PBXBuildFile section */

/* Begin PBXFileReference section */
		3C7AEF601F725214009E940C /* myViewController.swift */ = {isa = PBXFileReference; fileEncoding = 4; lastKnownFileType = sourcecode.swift; path = myViewController.swift; sourceTree = "<group>"; };
		3C7FCCC91F667F2900CBBE16 /* MyCalculator.app */ = {isa = PBXFileReference; explicitFileType = wrapper.application; includeInIndex = 0; path = MyCalculator.app; sourceTree = BUILT_PRODUCTS_DIR; };
		3C7FCCCC1F667F2900CBBE16 /* AppDelegate.swift */ = {isa = PBXFileReference; lastKnownFileType = sourcecode.swift; path = AppDelegate.swift; sourceTree = "<group>"; };
		3C7FCCCE1F667F2900CBBE16 /* ViewController.swift */ = {isa = PBXFileReference; lastKnownFileType = sourcecode.swift; path = ViewController.swift; sourceTree = "<group>"; };
		3C7FCCD11F667F2900CBBE16 /* Base */ = {isa = PBXFileReference; lastKnownFileType = file.storyboard; name = Base; path = Base.lproj/Main.storyboard; sourceTree = "<group>"; };
		3C7FCCD31F667F2900CBBE16 /* Assets.xcassets */ = {isa = PBXFileReference; lastKnownFileType = folder.assetcatalog; path = Assets.xcassets; sourceTree = "<group>"; };
		3C7FCCD61F667F2900CBBE16 /* Base */ = {isa = PBXFileReference; lastKnownFileType = file.storyboard; name = Base; path = Base.lproj/LaunchScreen.storyboard; sourceTree = "<group>"; };
		3C7FCCD81F667F2900CBBE16 /* Info.plist */ = {isa = PBXFileReference; lastKnownFileType = text.plist.xml; path = Info.plist; sourceTree = "<group>"; };
		3C7FCCDE1F67B9A300CBBE16 /* subject.swift */ = {isa = PBXFileReference; fileEncoding = 4; lastKnownFileType = sourcecode.swift; path = subject.swift; sourceTree = "<group>"; };
		3C7FCCE01F67CE9F00CBBE16 /* student.swift */ = {isa = PBXFileReference; fileEncoding = 4; lastKnownFileType = sourcecode.swift; path = student.swift; sourceTree = "<group>"; };
		3C7FCCE21F67D0E700CBBE16 /* SubjectCalculator.swift */ = {isa = PBXFileReference; fileEncoding = 4; lastKnownFileType = sourcecode.swift; path = SubjectCalculator.swift; sourceTree = "<group>"; };
/* End PBXFileReference section */

/* Begin PBXFrameworksBuildPhase section */
		3C7FCCC61F667F2900CBBE16 /* Frameworks */ = {
			isa = PBXFrameworksBuildPhase;
			buildActionMask = 2147483647;
			files = (
			);
			runOnlyForDeploymentPostprocessing = 0;
		};
/* End PBXFrameworksBuildPhase section */

/* Begin PBXGroup section */
		3C7FCCC01F667F2900CBBE16 = {
			isa = PBXGroup;
			children = (
				3C7FCCCB1F667F2900CBBE16 /* MyCalculator */,
				3C7FCCCA1F667F2900CBBE16 /* Products */,
			);
			sourceTree = "<group>";
		};
		3C7FCCCA1F667F2900CBBE16 /* Products */ = {
			isa = PBXGroup;
			children = (
				3C7FCCC91F667F2900CBBE16 /* MyCalculator.app */,
			);
			name = Products;
			sourceTree = "<group>";
		};
		3C7FCCCB1F667F2900CBBE16 /* MyCalculator */ = {
			isa = PBXGroup;
			children = (
				3C7FCCCC1F667F2900CBBE16 /* AppDelegate.swift */,
				3C7FCCCE1F667F2900CBBE16 /* ViewController.swift */,
				3C7AEF601F725214009E940C /* myViewController.swift */,
				3C7FCCDE1F67B9A300CBBE16 /* subject.swift */,
				3C7FCCE01F67CE9F00CBBE16 /* student.swift */,
				3C7FCCE21F67D0E700CBBE16 /* SubjectCalculator.swift */,
				3C7FCCD01F667F2900CBBE16 /* Main.storyboard */,
				3C7FCCD31F667F2900CBBE16 /* Assets.xcassets */,
				3C7FCCD51F667F2900CBBE16 /* LaunchScreen.storyboard */,
				3C7FCCD81F667F2900CBBE16 /* Info.plist */,
			);
			path = MyCalculator;
			sourceTree = "<group>";
		};
/* End PBXGroup section */

/* Begin PBXNativeTarget section */
		3C7FCCC81F667F2900CBBE16 /* MyCalculator */ = {
			isa = PBXNativeTarget;
			buildConfigurationList = 3C7FCCDB1F667F2900CBBE16 /* Build configuration list for PBXNativeTarget "MyCalculator" */;
			buildPhases = (
				3C7FCCC51F667F2900CBBE16 /* Sources */,
				3C7FCCC61F667F2900CBBE16 /* Frameworks */,
				3C7FCCC71F667F2900CBBE16 /* Resources */,
			);
			buildRules = (
			);
			dependencies = (
			);
			name = MyCalculator;
			productName = MyCalculator;
			productReference = 3C7FCCC91F667F2900CBBE16 /* MyCalculator.app */;
			productType = "com.apple.product-type.application";
		};
/* End PBXNativeTarget section */

/* Begin PBXProject section */
		3C7FCCC11F667F2900CBBE16 /* Project object */ = {
			isa = PBXProject;
			attributes = {
				LastSwiftUpdateCheck = 0830;
				LastUpgradeCheck = 0830;
				ORGANIZATIONNAME = "김지나";
				TargetAttributes = {
					3C7FCCC81F667F2900CBBE16 = {
						CreatedOnToolsVersion = 8.3.3;
						ProvisioningStyle = Automatic;
					};
				};
			};
			buildConfigurationList = 3C7FCCC41F667F2900CBBE16 /* Build configuration list for PBXProject "MyCalculator" */;
			compatibilityVersion = "Xcode 3.2";
			developmentRegion = English;
			hasScannedForEncodings = 0;
			knownRegions = (
				en,
				Base,
			);
			mainGroup = 3C7FCCC01F667F2900CBBE16;
			productRefGroup = 3C7FCCCA1F667F2900CBBE16 /* Products */;
			projectDirPath = "";
			projectRoot = "";
			targets = (
				3C7FCCC81F667F2900CBBE16 /* MyCalculator */,
			);
		};
/* End PBXProject section */

/* Begin PBXResourcesBuildPhase section */
		3C7FCCC71F667F2900CBBE16 /* Resources */ = {
			isa = PBXResourcesBuildPhase;
			buildActionMask = 2147483647;
			files = (
				3C7FCCD71F667F2900CBBE16 /* LaunchScreen.storyboard in Resources */,
				3C7FCCD41F667F2900CBBE16 /* Assets.xcassets in Resources */,
				3C7FCCD21F667F2900CBBE16 /* Main.storyboard in Resources */,
			);
			runOnlyForDeploymentPostprocessing = 0;
		};
/* End PBXResourcesBuildPhase section */

/* Begin PBXSourcesBuildPhase section */
		3C7FCCC51F667F2900CBBE16 /* Sources */ = {
			isa = PBXSourcesBuildPhase;
			buildActionMask = 2147483647;
			files = (
				3C7AEF611F725214009E940C /* myViewController.swift in Sources */,
				3C7FCCCF1F667F2900CBBE16 /* ViewController.swift in Sources */,
				3C7FCCCD1F667F2900CBBE16 /* AppDelegate.swift in Sources */,
				3C7FCCDF1F67B9A300CBBE16 /* subject.swift in Sources */,
				3C7FCCE31F67D0E700CBBE16 /* SubjectCalculator.swift in Sources */,
				3C7FCCE11F67CE9F00CBBE16 /* student.swift in Sources */,
			);
			runOnlyForDeploymentPostprocessing = 0;
		};
/* End PBXSourcesBuildPhase section */

/* Begin PBXVariantGroup section */
		3C7FCCD01F667F2900CBBE16 /* Main.storyboard */ = {
			isa = PBXVariantGroup;
			children = (
				3C7FCCD11F667F2900CBBE16 /* Base */,
			);
			name = Main.storyboard;
			sourceTree = "<group>";
		};
		3C7FCCD51F667F2900CBBE16 /* LaunchScreen.storyboard */ = {
			isa = PBXVariantGroup;
			children = (
				3C7FCCD61F667F2900CBBE16 /* Base */,
			);
			name = LaunchScreen.storyboard;
			sourceTree = "<group>";
		};
/* End PBXVariantGroup section */

/* Begin XCBuildConfiguration section */
		3C7FCCD91F667F2900CBBE16 /* Debug */ = {
			isa = XCBuildConfiguration;
			buildSettings = {
				ALWAYS_SEARCH_USER_PATHS = NO;
				CLANG_ANALYZER_NONNULL = YES;
				CLANG_ANALYZER_NUMBER_OBJECT_CONVERSION = YES_AGGRESSIVE;
				CLANG_CXX_LANGUAGE_STANDARD = "gnu++0x";
				CLANG_CXX_LIBRARY = "libc++";
				CLANG_ENABLE_MODULES = YES;
				CLANG_ENABLE_OBJC_ARC = YES;
				CLANG_WARN_BOOL_CONVERSION = YES;
				CLANG_WARN_CONSTANT_CONVERSION = YES;
				CLANG_WARN_DIRECT_OBJC_ISA_USAGE = YES_ERROR;
				CLANG_WARN_DOCUMENTATION_COMMENTS = YES;
				CLANG_WARN_EMPTY_BODY = YES;
				CLANG_WARN_ENUM_CONVERSION = YES;
				CLANG_WARN_INFINITE_RECURSION = YES;
				CLANG_WARN_INT_CONVERSION = YES;
				CLANG_WARN_OBJC_ROOT_CLASS = YES_ERROR;
				CLANG_WARN_SUSPICIOUS_MOVE = YES;
				CLANG_WARN_UNREACHABLE_CODE = YES;
				CLANG_WARN__DUPLICATE_METHOD_MATCH = YES;
				"CODE_SIGN_IDENTITY[sdk=iphoneos*]" = "iPhone Developer";
				COPY_PHASE_STRIP = NO;
				DEBUG_INFORMATION_FORMAT = dwarf;
				ENABLE_STRICT_OBJC_MSGSEND = YES;
				ENABLE_TESTABILITY = YES;
				GCC_C_LANGUAGE_STANDARD = gnu99;
				GCC_DYNAMIC_NO_PIC = NO;
				GCC_NO_COMMON_BLOCKS = YES;
				GCC_OPTIMIZATION_LEVEL = 0;
				GCC_PREPROCESSOR_DEFINITIONS = (
					"DEBUG=1",
					"$(inherited)",
				);
				GCC_WARN_64_TO_32_BIT_CONVERSION = YES;
				GCC_WARN_ABOUT_RETURN_TYPE = YES_ERROR;
				GCC_WARN_UNDECLARED_SELECTOR = YES;
				GCC_WARN_UNINITIALIZED_AUTOS = YES_AGGRESSIVE;
				GCC_WARN_UNUSED_FUNCTION = YES;
				GCC_WARN_UNUSED_VARIABLE = YES;
				IPHONEOS_DEPLOYMENT_TARGET = 10.3;
				MTL_ENABLE_DEBUG_INFO = YES;
				ONLY_ACTIVE_ARCH = YES;
				SDKROOT = iphoneos;
				SWIFT_ACTIVE_COMPILATION_CONDITIONS = DEBUG;
				SWIFT_OPTIMIZATION_LEVEL = "-Onone";
			};
			name = Debug;
		};
		3C7FCCDA1F667F2900CBBE16 /* Release */ = {
			isa = XCBuildConfiguration;
			buildSettings = {
				ALWAYS_SEARCH_USER_PATHS = NO;
				CLANG_ANALYZER_NONNULL = YES;
				CLANG_ANALYZER_NUMBER_OBJECT_CONVERSION = YES_AGGRESSIVE;
				CLANG_CXX_LANGUAGE_STANDARD = "gnu++0x";
				CLANG_CXX_LIBRARY = "libc++";
				CLANG_ENABLE_MODULES = YES;
				CLANG_ENABLE_OBJC_ARC = YES;
				CLANG_WARN_BOOL_CONVERSION = YES;
				CLANG_WARN_CONSTANT_CONVERSION = YES;
				CLANG_WARN_DIRECT_OBJC_ISA_USAGE = YES_ERROR;
				CLANG_WARN_DOCUMENTATION_COMMENTS = YES;
				CLANG_WARN_EMPTY_BODY = YES;
				CLANG_WARN_ENUM_CONVERSION = YES;
				CLANG_WARN_INFINITE_RECURSION = YES;
				CLANG_WARN_INT_CONVERSION = YES;
				CLANG_WARN_OBJC_ROOT_CLASS = YES_ERROR;
				CLANG_WARN_SUSPICIOUS_MOVE = YES;
				CLANG_WARN_UNREACHABLE_CODE = YES;
				CLANG_WARN__DUPLICATE_METHOD_MATCH = YES;
				"CODE_SIGN_IDENTITY[sdk=iphoneos*]" = "iPhone Developer";
				COPY_PHASE_STRIP = NO;
				DEBUG_INFORMATION_FORMAT = "dwarf-with-dsym";
				ENABLE_NS_ASSERTIONS = NO;
				ENABLE_STRICT_OBJC_MSGSEND = YES;
				GCC_C_LANGUAGE_STANDARD = gnu99;
				GCC_NO_COMMON_BLOCKS = YES;
				GCC_WARN_64_TO_32_BIT_CONVERSION = YES;
				GCC_WARN_ABOUT_RETURN_TYPE = YES_ERROR;
				GCC_WARN_UNDECLARED_SELECTOR = YES;
				GCC_WARN_UNINITIALIZED_AUTOS = YES_AGGRESSIVE;
				GCC_WARN_UNUSED_FUNCTION = YES;
				GCC_WARN_UNUSED_VARIABLE = YES;
				IPHONEOS_DEPLOYMENT_TARGET = 10.3;
				MTL_ENABLE_DEBUG_INFO = NO;
				SDKROOT = iphoneos;
				SWIFT_OPTIMIZATION_LEVEL = "-Owholemodule";
				VALIDATE_PRODUCT = YES;
			};
			name = Release;
		};
		3C7FCCDC1F667F2900CBBE16 /* Debug */ = {
			isa = XCBuildConfiguration;
			buildSettings = {
				ASSETCATALOG_COMPILER_APPICON_NAME = AppIcon;
				INFOPLIST_FILE = MyCalculator/Info.plist;
				LD_RUNPATH_SEARCH_PATHS = "$(inherited) @executable_path/Frameworks";
				PRODUCT_BUNDLE_IDENTIFIER = a.MyCalculator;
				PRODUCT_NAME = "$(TARGET_NAME)";
				SWIFT_VERSION = 3.0;
			};
			name = Debug;
		};
		3C7FCCDD1F667F2900CBBE16 /* Release */ = {
			isa = XCBuildConfiguration;
			buildSettings = {
				ASSETCATALOG_COMPILER_APPICON_NAME = AppIcon;
				INFOPLIST_FILE = MyCalculator/Info.plist;
				LD_RUNPATH_SEARCH_PATHS = "$(inherited) @executable_path/Frameworks";
				PRODUCT_BUNDLE_IDENTIFIER = a.MyCalculator;
				PRODUCT_NAME = "$(TARGET_NAME)";
				SWIFT_VERSION = 3.0;
			};
			name = Release;
		};
/* End XCBuildConfiguration section */

/* Begin XCConfigurationList section */
		3C7FCCC41F667F2900CBBE16 /* Build configuration list for PBXProject "MyCalculator" */ = {
			isa = XCConfigurationList;
			buildConfigurations = (
				3C7FCCD91F667F2900CBBE16 /* Debug */,
				3C7FCCDA1F667F2900CBBE16 /* Release */,
			);
			defaultConfigurationIsVisible = 0;
			defaultConfigurationName = Release;
		};
		3C7FCCDB1F667F2900CBBE16 /* Build configuration list for PBXNativeTarget "MyCalculator" */ = {
			isa = XCConfigurationList;
			buildConfigurations = (
				3C7FCCDC1F667F2900CBBE16 /* Debug */,
				3C7FCCDD1F667F2900CBBE16 /* Release */,
			);
			defaultConfigurationIsVisible = 0;
			defaultConfigurationName = Release;
		};
/* End XCConfigurationList section */
	};
	rootObject = 3C7FCCC11F667F2900CBBE16 /* Project object */;
}
